
Microsoft Visual Studio Solution File, Format Version 12.00
Project("{FAE04EC0-301F-11D3-BF4B-00C04F79EFBC}") = "AreaCalc", "AreaCalc\AreaCalc.csproj", "{CDDC2110-2465-4A6D-AC59-33D02D0BD1CD}"
EndProject
Project("{FAE04EC0-301F-11D3-BF4B-00C04F79EFBC}") = "AreaCalc.Tests", "AreaCalc.Tests\AreaCalc.Tests.csproj", "{9F5FF528-4F8D-4F23-9B1F-5D2CE1B30EDC}"
EndProject
Global
	GlobalSection(SolutionConfigurationPlatforms) = preSolution
		Debug|Any CPU = Debug|Any CPU
		Release|Any CPU = Release|Any CPU
	EndGlobalSection
	GlobalSection(ProjectConfigurationPlatforms) = postSolution
		{CDDC2110-2465-4A6D-AC59-33D02D0BD1CD}.Debug|Any CPU.ActiveCfg = Debug|Any CPU
		{CDDC2110-2465-4A6D-AC59-33D02D0BD1CD}.Debug|Any CPU.Build.0 = Debug|Any CPU
		{CDDC2110-2465-4A6D-AC59-33D02D0BD1CD}.Release|Any CPU.ActiveCfg = Release|Any CPU
		{CDDC2110-2465-4A6D-AC59-33D02D0BD1CD}.Release|Any CPU.Build.0 = Release|Any CPU
		{9F5FF528-4F8D-4F23-9B1F-5D2CE1B30EDC}.Debug|Any CPU.ActiveCfg = Debug|Any CPU
		{9F5FF528-4F8D-4F23-9B1F-5D2CE1B30EDC}.Debug|Any CPU.Build.0 = Debug|Any CPU
		{9F5FF528-4F8D-4F23-9B1F-5D2CE1B30EDC}.Release|Any CPU.ActiveCfg = Release|Any CPU
		{9F5FF528-4F8D-4F23-9B1F-5D2CE1B30EDC}.Release|Any CPU.Build.0 = Release|Any CPU
	EndGlobalSection
EndGlobal
